{
  "name": "nested_npm",
  "version": "1.0.0",
  "lockfileVersion": 1,
  "requires": true,
  "dependencies": {
    "com": {
      "version": "file:src",
      "requires": {
        "com.bar": "file:src/bar",
        "com.baz": "file:src/baz",
        "com.foo": "file:src/foo"
      }
    },
    "com.bar": {
      "version": "file:src/bar"
    },
    "com.baz": {
      "version": "file:src/baz"
    },
    "com.foo": {
      "version": "file:src/foo"
    }
  }
}
